// !$*UTF8*$!
{
	archiveVersion = 1;
	classes = {
	};
	objectVersion = 50;
	objects = {

/* Begin PBXBuildFile section */
		D693246421513C8400BF63E8 /* AppDelegate.swift in Sources */ = {isa = PBXBuildFile; fileRef = D693246321513C8400BF63E8 /* AppDelegate.swift */; };
		D693246621513C8400BF63E8 /* ViewController.swift in Sources */ = {isa = PBXBuildFile; fileRef = D693246521513C8400BF63E8 /* ViewController.swift */; };
		D693246921513C8400BF63E8 /* Main.storyboard in Resources */ = {isa = PBXBuildFile; fileRef = D693246721513C8400BF63E8 /* Main.storyboard */; };
		D693246B21513C8500BF63E8 /* Assets.xcassets in Resources */ = {isa = PBXBuildFile; fileRef = D693246A21513C8500BF63E8 /* Assets.xcassets */; };
		D693246E21513C8500BF63E8 /* LaunchScreen.storyboard in Resources */ = {isa = PBXBuildFile; fileRef = D693246C21513C8500BF63E8 /* LaunchScreen.storyboard */; };
		D693247921513C8600BF63E8 /* BitriseTests.swift in Sources */ = {isa = PBXBuildFile; fileRef = D693247821513C8600BF63E8 /* BitriseTests.swift */; };
		D693248421513C8600BF63E8 /* BitriseUITests.swift in Sources */ = {isa = PBXBuildFile; fileRef = D693248321513C8600BF63E8 /* BitriseUITests.swift */; };
/* End PBXBuildFile section */

/* Begin PBXContainerItemProxy section */
		D693247521513C8600BF63E8 /* PBXContainerItemProxy */ = {
			isa = PBXContainerItemProxy;
			containerPortal = D693245821513C8400BF63E8 /* Project object */;
			proxyType = 1;
			remoteGlobalIDString = D693245F21513C8400BF63E8;
			remoteInfo = Bitrise;
		};
		D693248021513C8600BF63E8 /* PBXContainerItemProxy */ = {
			isa = PBXContainerItemProxy;
			containerPortal = D693245821513C8400BF63E8 /* Project object */;
			proxyType = 1;
			remoteGlobalIDString = D693245F21513C8400BF63E8;
			remoteInfo = Bitrise;
		};
/* End PBXContainerItemProxy section */

/* Begin PBXFileReference section */
		D693246021513C8400BF63E8 /* Bitrise.app */ = {isa = PBXFileReference; explicitFileType = wrapper.application; includeInIndex = 0; path = Bitrise.app; sourceTree = BUILT_PRODUCTS_DIR; };
		D693246321513C8400BF63E8 /* AppDelegate.swift */ = {isa = PBXFileReference; lastKnownFileType = sourcecode.swift; path = AppDelegate.swift; sourceTree = "<group>"; };
		D693246521513C8400BF63E8 /* ViewController.swift */ = {isa = PBXFileReference; lastKnownFileType = sourcecode.swift; path = ViewController.swift; sourceTree = "<group>"; };
		D693246821513C8400BF63E8 /* Base */ = {isa = PBXFileReference; lastKnownFileType = file.storyboard; name = Base; path = Base.lproj/Main.storyboard; sourceTree = "<group>"; };
		D693246A21513C8500BF63E8 /* Assets.xcassets */ = {isa = PBXFileReference; lastKnownFileType = folder.assetcatalog; path = Assets.xcassets; sourceTree = "<group>"; };
		D693246D21513C8500BF63E8 /* Base */ = {isa = PBXFileReference; lastKnownFileType = file.storyboard; name = Base; path = Base.lproj/LaunchScreen.storyboard; sourceTree = "<group>"; };
		D693246F21513C8600BF63E8 /* Info.plist */ = {isa = PBXFileReference; lastKnownFileType = text.plist.xml; path = Info.plist; sourceTree = "<group>"; };
		D693247421513C8600BF63E8 /* BitriseTests.xctest */ = {isa = PBXFileReference; explicitFileType = wrapper.cfbundle; includeInIndex = 0; path = BitriseTests.xctest; sourceTree = BUILT_PRODUCTS_DIR; };
		D693247821513C8600BF63E8 /* BitriseTests.swift */ = {isa = PBXFileReference; lastKnownFileType = sourcecode.swift; path = BitriseTests.swift; sourceTree = "<group>"; };
		D693247A21513C8600BF63E8 /* Info.plist */ = {isa = PBXFileReference; lastKnownFileType = text.plist.xml; path = Info.plist; sourceTree = "<group>"; };
		D693247F21513C8600BF63E8 /* BitriseUITests.xctest */ = {isa = PBXFileReference; explicitFileType = wrapper.cfbundle; includeInIndex = 0; path = BitriseUITests.xctest; sourceTree = BUILT_PRODUCTS_DIR; };
		D693248321513C8600BF63E8 /* BitriseUITests.swift */ = {isa = PBXFileReference; lastKnownFileType = sourcecode.swift; path = BitriseUITests.swift; sourceTree = "<group>"; };
		D693248521513C8600BF63E8 /* Info.plist */ = {isa = PBXFileReference; lastKnownFileType = text.plist.xml; path = Info.plist; sourceTree = "<group>"; };
/* End PBXFileReference section */

/* Begin PBXFrameworksBuildPhase section */
		D693245D21513C8400BF63E8 /* Frameworks */ = {
			isa = PBXFrameworksBuildPhase;
			buildActionMask = 2147483647;
			files = (
			);
			runOnlyForDeploymentPostprocessing = 0;
		};
		D693247121513C8600BF63E8 /* Frameworks */ = {
			isa = PBXFrameworksBuildPhase;
			buildActionMask = 2147483647;
			files = (
			);
			runOnlyForDeploymentPostprocessing = 0;
		};
		D693247C21513C8600BF63E8 /* Frameworks */ = {
			isa = PBXFrameworksBuildPhase;
			buildActionMask = 2147483647;
			files = (
			);
			runOnlyForDeploymentPostprocessing = 0;
		};
/* End PBXFrameworksBuildPhase section */

/* Begin PBXGroup section */
		D693245721513C8400BF63E8 = {
			isa = PBXGroup;
			children = (
				D693246221513C8400BF63E8 /* Bitrise */,
				D693247721513C8600BF63E8 /* BitriseTests */,
				D693248221513C8600BF63E8 /* BitriseUITests */,
				D693246121513C8400BF63E8 /* Products */,
			);
			sourceTree = "<group>";
		};
		D693246121513C8400BF63E8 /* Products */ = {
			isa = PBXGroup;
			children = (
				D693246021513C8400BF63E8 /* Bitrise.app */,
				D693247421513C8600BF63E8 /* BitriseTests.xctest */,
				D693247F21513C8600BF63E8 /* BitriseUITests.xctest */,
			);
			name = Products;
			sourceTree = "<group>";
		};
		D693246221513C8400BF63E8 /* Bitrise */ = {
			isa = PBXGroup;
			children = (
				D693246321513C8400BF63E8 /* AppDelegate.swift */,
				D693246521513C8400BF63E8 /* ViewController.swift */,
				D693246721513C8400BF63E8 /* Main.storyboard */,
				D693246A21513C8500BF63E8 /* Assets.xcassets */,
				D693246C21513C8500BF63E8 /* LaunchScreen.storyboard */,
				D693246F21513C8600BF63E8 /* Info.plist */,
			);
			path = Bitrise;
			sourceTree = "<group>";
		};
		D693247721513C8600BF63E8 /* BitriseTests */ = {
			isa = PBXGroup;
			children = (
				D693247821513C8600BF63E8 /* BitriseTests.swift */,
				D693247A21513C8600BF63E8 /* Info.plist */,
			);
			path = BitriseTests;
			sourceTree = "<group>";
		};
		D693248221513C8600BF63E8 /* BitriseUITests */ = {
			isa = PBXGroup;
			children = (
				D693248321513C8600BF63E8 /* BitriseUITests.swift */,
				D693248521513C8600BF63E8 /* Info.plist */,
			);
			path = BitriseUITests;
			sourceTree = "<group>";
		};
/* End PBXGroup section */

/* Begin PBXNativeTarget section */
		D693245F21513C8400BF63E8 /* Bitrise */ = {
			isa = PBXNativeTarget;
			buildConfigurationList = D693248821513C8600BF63E8 /* Build configuration list for PBXNativeTarget "Bitrise" */;
			buildPhases = (
				D693245C21513C8400BF63E8 /* Sources */,
				D693245D21513C8400BF63E8 /* Frameworks */,
				D693245E21513C8400BF63E8 /* Resources */,
			);
			buildRules = (
			);
			dependencies = (
			);
			name = Bitrise;
			productName = Bitrise;
			productReference = D693246021513C8400BF63E8 /* Bitrise.app */;
			productType = "com.apple.product-type.application";
		};
		D693247321513C8600BF63E8 /* BitriseTests */ = {
			isa = PBXNativeTarget;
			buildConfigurationList = D693248B21513C8600BF63E8 /* Build configuration list for PBXNativeTarget "BitriseTests" */;
			buildPhases = (
				D693247021513C8600BF63E8 /* Sources */,
				D693247121513C8600BF63E8 /* Frameworks */,
				D693247221513C8600BF63E8 /* Resources */,
			);
			buildRules = (
			);
			dependencies = (
				D693247621513C8600BF63E8 /* PBXTargetDependency */,
			);
			name = BitriseTests;
			productName = BitriseTests;
			productReference = D693247421513C8600BF63E8 /* BitriseTests.xctest */;
			productType = "com.apple.product-type.bundle.unit-test";
		};
		D693247E21513C8600BF63E8 /* BitriseUITests */ = {
			isa = PBXNativeTarget;
			buildConfigurationList = D693248E21513C8600BF63E8 /* Build configuration list for PBXNativeTarget "BitriseUITests" */;
			buildPhases = (
				D693247B21513C8600BF63E8 /* Sources */,
				D693247C21513C8600BF63E8 /* Frameworks */,
				D693247D21513C8600BF63E8 /* Resources */,
			);
			buildRules = (
			);
			dependencies = (
				D693248121513C8600BF63E8 /* PBXTargetDependency */,
			);
			name = BitriseUITests;
			productName = BitriseUITests;
			productReference = D693247F21513C8600BF63E8 /* BitriseUITests.xctest */;
			productType = "com.apple.product-type.bundle.ui-testing";
		};
/* End PBXNativeTarget section */

/* Begin PBXProject section */
		D693245821513C8400BF63E8 /* Project object */ = {
			isa = PBXProject;
			attributes = {
				LastSwiftUpdateCheck = 0940;
				LastUpgradeCheck = 0940;
				ORGANIZATIONNAME = "Alex Pavlov";
				TargetAttributes = {
					D693245F21513C8400BF63E8 = {
						CreatedOnToolsVersion = 9.4.1;
					};
					D693247321513C8600BF63E8 = {
						CreatedOnToolsVersion = 9.4.1;
						TestTargetID = D693245F21513C8400BF63E8;
					};
					D693247E21513C8600BF63E8 = {
						CreatedOnToolsVersion = 9.4.1;
						TestTargetID = D693245F21513C8400BF63E8;
					};
				};
			};
			buildConfigurationList = D693245B21513C8400BF63E8 /* Build configuration list for PBXProject "Bitrise" */;
			compatibilityVersion = "Xcode 9.3";
			developmentRegion = en;
			hasScannedForEncodings = 0;
			knownRegions = (
				en,
				Base,
			);
			mainGroup = D693245721513C8400BF63E8;
			productRefGroup = D693246121513C8400BF63E8 /* Products */;
			projectDirPath = "";
			projectRoot = "";
			targets = (
				D693245F21513C8400BF63E8 /* Bitrise */,
				D693247321513C8600BF63E8 /* BitriseTests */,
				D693247E21513C8600BF63E8 /* BitriseUITests */,
			);
		};
/* End PBXProject section */

/* Begin PBXResourcesBuildPhase section */
		D693245E21513C8400BF63E8 /* Resources */ = {
			isa = PBXResourcesBuildPhase;
			buildActionMask = 2147483647;
			files = (
				D693246E21513C8500BF63E8 /* LaunchScreen.storyboard in Resources */,
				D693246B21513C8500BF63E8 /* Assets.xcassets in Resources */,
				D693246921513C8400BF63E8 /* Main.storyboard in Resources */,
			);
			runOnlyForDeploymentPostprocessing = 0;
		};
		D693247221513C8600BF63E8 /* Resources */ = {
			isa = PBXResourcesBuildPhase;
			buildActionMask = 2147483647;
			files = (
			);
			runOnlyForDeploymentPostprocessing = 0;
		};
		D693247D21513C8600BF63E8 /* Resources */ = {
			isa = PBXResourcesBuildPhase;
			buildActionMask = 2147483647;
			files = (
			);
			runOnlyForDeploymentPostprocessing = 0;
		};
/* End PBXResourcesBuildPhase section */

/* Begin PBXSourcesBuildPhase section */
		D693245C21513C8400BF63E8 /* Sources */ = {
			isa = PBXSourcesBuildPhase;
			buildActionMask = 2147483647;
			files = (
				D693246621513C8400BF63E8 /* ViewController.swift in Sources */,
				D693246421513C8400BF63E8 /* AppDelegate.swift in Sources */,
			);
			runOnlyForDeploymentPostprocessing = 0;
		};
		D693247021513C8600BF63E8 /* Sources */ = {
			isa = PBXSourcesBuildPhase;
			buildActionMask = 2147483647;
			files = (
				D693247921513C8600BF63E8 /* BitriseTests.swift in Sources */,
			);
			runOnlyForDeploymentPostprocessing = 0;
		};
		D693247B21513C8600BF63E8 /* Sources */ = {
			isa = PBXSourcesBuildPhase;
			buildActionMask = 2147483647;
			files = (
				D693248421513C8600BF63E8 /* BitriseUITests.swift in Sources */,
			);
			runOnlyForDeploymentPostprocessing = 0;
		};
/* End PBXSourcesBuildPhase section */

/* Begin PBXTargetDependency section */
		D693247621513C8600BF63E8 /* PBXTargetDependency */ = {
			isa = PBXTargetDependency;
			target = D693245F21513C8400BF63E8 /* Bitrise */;
			targetProxy = D693247521513C8600BF63E8 /* PBXContainerItemProxy */;
		};
		D693248121513C8600BF63E8 /* PBXTargetDependency */ = {
			isa = PBXTargetDependency;
			target = D693245F21513C8400BF63E8 /* Bitrise */;
			targetProxy = D693248021513C8600BF63E8 /* PBXContainerItemProxy */;
		};
/* End PBXTargetDependency section */

/* Begin PBXVariantGroup section */
		D693246721513C8400BF63E8 /* Main.storyboard */ = {
			isa = PBXVariantGroup;
			children = (
				D693246821513C8400BF63E8 /* Base */,
			);
			name = Main.storyboard;
			sourceTree = "<group>";
		};
		D693246C21513C8500BF63E8 /* LaunchScreen.storyboard */ = {
			isa = PBXVariantGroup;
			children = (
				D693246D21513C8500BF63E8 /* Base */,
			);
			name = LaunchScreen.storyboard;
			sourceTree = "<group>";
		};
/* End PBXVariantGroup section */

/* Begin XCBuildConfiguration section */
		D693248621513C8600BF63E8 /* Debug */ = {
			isa = XCBuildConfiguration;
			buildSettings = {
				ALWAYS_SEARCH_USER_PATHS = NO;
				CLANG_ANALYZER_NONNULL = YES;
				CLANG_ANALYZER_NUMBER_OBJECT_CONVERSION = YES_AGGRESSIVE;
				CLANG_CXX_LANGUAGE_STANDARD = "gnu++14";
				CLANG_CXX_LIBRARY = "libc++";
				CLANG_ENABLE_MODULES = YES;
				CLANG_ENABLE_OBJC_ARC = YES;
				CLANG_ENABLE_OBJC_WEAK = YES;
				CLANG_WARN_BLOCK_CAPTURE_AUTORELEASING = YES;
				CLANG_WARN_BOOL_CONVERSION = YES;
				CLANG_WARN_COMMA = YES;
				CLANG_WARN_CONSTANT_CONVERSION = YES;
				CLANG_WARN_DEPRECATED_OBJC_IMPLEMENTATIONS = YES;
				CLANG_WARN_DIRECT_OBJC_ISA_USAGE = YES_ERROR;
				CLANG_WARN_DOCUMENTATION_COMMENTS = YES;
				CLANG_WARN_EMPTY_BODY = YES;
				CLANG_WARN_ENUM_CONVERSION = YES;
				CLANG_WARN_INFINITE_RECURSION = YES;
				CLANG_WARN_INT_CONVERSION = YES;
				CLANG_WARN_NON_LITERAL_NULL_CONVERSION = YES;
				CLANG_WARN_OBJC_IMPLICIT_RETAIN_SELF = YES;
				CLANG_WARN_OBJC_LITERAL_CONVERSION = YES;
				CLANG_WARN_OBJC_ROOT_CLASS = YES_ERROR;
				CLANG_WARN_RANGE_LOOP_ANALYSIS = YES;
				CLANG_WARN_STRICT_PROTOTYPES = YES;
				CLANG_WARN_SUSPICIOUS_MOVE = YES;
				CLANG_WARN_UNGUARDED_AVAILABILITY = YES_AGGRESSIVE;
				CLANG_WARN_UNREACHABLE_CODE = YES;
				CLANG_WARN__DUPLICATE_METHOD_MATCH = YES;
				CODE_SIGN_IDENTITY = "iPhone Developer";
				COPY_PHASE_STRIP = NO;
				DEBUG_INFORMATION_FORMAT = dwarf;
				ENABLE_STRICT_OBJC_MSGSEND = YES;
				ENABLE_TESTABILITY = YES;
				GCC_C_LANGUAGE_STANDARD = gnu11;
				GCC_DYNAMIC_NO_PIC = NO;
				GCC_NO_COMMON_BLOCKS = YES;
				GCC_OPTIMIZATION_LEVEL = 0;
				GCC_PREPROCESSOR_DEFINITIONS = (
					"DEBUG=1",
					"$(inherited)",
				);
				GCC_WARN_64_TO_32_BIT_CONVERSION = YES;
				GCC_WARN_ABOUT_RETURN_TYPE = YES_ERROR;
				GCC_WARN_UNDECLARED_SELECTOR = YES;
				GCC_WARN_UNINITIALIZED_AUTOS = YES_AGGRESSIVE;
				GCC_WARN_UNUSED_FUNCTION = YES;
				GCC_WARN_UNUSED_VARIABLE = YES;
				IPHONEOS_DEPLOYMENT_TARGET = 11.4;
				MTL_ENABLE_DEBUG_INFO = YES;
				ONLY_ACTIVE_ARCH = YES;
				SDKROOT = iphoneos;
				SWIFT_ACTIVE_COMPILATION_CONDITIONS = DEBUG;
				SWIFT_OPTIMIZATION_LEVEL = "-Onone";
			};
			name = Debug;
		};
		D693248721513C8600BF63E8 /* Release */ = {
			isa = XCBuildConfiguration;
			buildSettings = {
				ALWAYS_SEARCH_USER_PATHS = NO;
				CLANG_ANALYZER_NONNULL = YES;
				CLANG_ANALYZER_NUMBER_OBJECT_CONVERSION = YES_AGGRESSIVE;
				CLANG_CXX_LANGUAGE_STANDARD = "gnu++14";
				CLANG_CXX_LIBRARY = "libc++";
				CLANG_ENABLE_MODULES = YES;
				CLANG_ENABLE_OBJC_ARC = YES;
				CLANG_ENABLE_OBJC_WEAK = YES;
				CLANG_WARN_BLOCK_CAPTURE_AUTORELEASING = YES;
				CLANG_WARN_BOOL_CONVERSION = YES;
				CLANG_WARN_COMMA = YES;
				CLANG_WARN_CONSTANT_CONVERSION = YES;
				CLANG_WARN_DEPRECATED_OBJC_IMPLEMENTATIONS = YES;
				CLANG_WARN_DIRECT_OBJC_ISA_USAGE = YES_ERROR;
				CLANG_WARN_DOCUMENTATION_COMMENTS = YES;
				CLANG_WARN_EMPTY_BODY = YES;
				CLANG_WARN_ENUM_CONVERSION = YES;
				CLANG_WARN_INFINITE_RECURSION = YES;
				CLANG_WARN_INT_CONVERSION = YES;
				CLANG_WARN_NON_LITERAL_NULL_CONVERSION = YES;
				CLANG_WARN_OBJC_IMPLICIT_RETAIN_SELF = YES;
				CLANG_WARN_OBJC_LITERAL_CONVERSION = YES;
				CLANG_WARN_OBJC_ROOT_CLASS = YES_ERROR;
				CLANG_WARN_RANGE_LOOP_ANALYSIS = YES;
				CLANG_WARN_STRICT_PROTOTYPES = YES;
				CLANG_WARN_SUSPICIOUS_MOVE = YES;
				CLANG_WARN_UNGUARDED_AVAILABILITY = YES_AGGRESSIVE;
				CLANG_WARN_UNREACHABLE_CODE = YES;
				CLANG_WARN__DUPLICATE_METHOD_MATCH = YES;
				CODE_SIGN_IDENTITY = "iPhone Developer";
				COPY_PHASE_STRIP = NO;
				DEBUG_INFORMATION_FORMAT = "dwarf-with-dsym";
				ENABLE_NS_ASSERTIONS = NO;
				ENABLE_STRICT_OBJC_MSGSEND = YES;
				GCC_C_LANGUAGE_STANDARD = gnu11;
				GCC_NO_COMMON_BLOCKS = YES;
				GCC_WARN_64_TO_32_BIT_CONVERSION = YES;
				GCC_WARN_ABOUT_RETURN_TYPE = YES_ERROR;
				GCC_WARN_UNDECLARED_SELECTOR = YES;
				GCC_WARN_UNINITIALIZED_AUTOS = YES_AGGRESSIVE;
				GCC_WARN_UNUSED_FUNCTION = YES;
				GCC_WARN_UNUSED_VARIABLE = YES;
				IPHONEOS_DEPLOYMENT_TARGET = 11.4;
				MTL_ENABLE_DEBUG_INFO = NO;
				SDKROOT = iphoneos;
				SWIFT_COMPILATION_MODE = wholemodule;
				SWIFT_OPTIMIZATION_LEVEL = "-O";
				VALIDATE_PRODUCT = YES;
			};
			name = Release;
		};
		D693248921513C8600BF63E8 /* Debug */ = {
			isa = XCBuildConfiguration;
			buildSettings = {
				ASSETCATALOG_COMPILER_APPICON_NAME = AppIcon;
				CODE_SIGN_STYLE = Automatic;
				DEVELOPMENT_TEAM = WB5DSD72X7;
				INFOPLIST_FILE = Bitrise/Info.plist;
				LD_RUNPATH_SEARCH_PATHS = (
					"$(inherited)",
					"@executable_path/Frameworks",
				);
				PRODUCT_BUNDLE_IDENTIFIER = com.rushproject.Bitrise;
				PRODUCT_NAME = "$(TARGET_NAME)";
				SWIFT_VERSION = 4.0;
				TARGETED_DEVICE_FAMILY = "1,2";
			};
			name = Debug;
		};
		D693248A21513C8600BF63E8 /* Release */ = {
			isa = XCBuildConfiguration;
			buildSettings = {
				ASSETCATALOG_COMPILER_APPICON_NAME = AppIcon;
				CODE_SIGN_STYLE = Automatic;
				DEVELOPMENT_TEAM = WB5DSD72X7;
				INFOPLIST_FILE = Bitrise/Info.plist;
				LD_RUNPATH_SEARCH_PATHS = (
					"$(inherited)",
					"@executable_path/Frameworks",
				);
				PRODUCT_BUNDLE_IDENTIFIER = com.rushproject.Bitrise;
				PRODUCT_NAME = "$(TARGET_NAME)";
				SWIFT_VERSION = 4.0;
				TARGETED_DEVICE_FAMILY = "1,2";
			};
			name = Release;
		};
		D693248C21513C8600BF63E8 /* Debug */ = {
			isa = XCBuildConfiguration;
			buildSettings = {
				ALWAYS_EMBED_SWIFT_STANDARD_LIBRARIES = YES;
				BUNDLE_LOADER = "$(TEST_HOST)";
				CODE_SIGN_STYLE = Automatic;
				DEVELOPMENT_TEAM = WB5DSD72X7;
				INFOPLIST_FILE = BitriseTests/Info.plist;
				LD_RUNPATH_SEARCH_PATHS = (
					"$(inherited)",
					"@executable_path/Frameworks",
					"@loader_path/Frameworks",
				);
				PRODUCT_BUNDLE_IDENTIFIER = com.rushproject.BitriseTests;
				PRODUCT_NAME = "$(TARGET_NAME)";
				SWIFT_VERSION = 4.0;
				TARGETED_DEVICE_FAMILY = "1,2";
				TEST_HOST = "$(BUILT_PRODUCTS_DIR)/Bitrise.app/Bitrise";
			};
			name = Debug;
		};
		D693248D21513C8600BF63E8 /* Release */ = {
			isa = XCBuildConfiguration;
			buildSettings = {
				ALWAYS_EMBED_SWIFT_STANDARD_LIBRARIES = YES;
				BUNDLE_LOADER = "$(TEST_HOST)";
				CODE_SIGN_STYLE = Automatic;
				DEVELOPMENT_TEAM = WB5DSD72X7;
				INFOPLIST_FILE = BitriseTests/Info.plist;
				LD_RUNPATH_SEARCH_PATHS = (
					"$(inherited)",
					"@executable_path/Frameworks",
					"@loader_path/Frameworks",
				);
				PRODUCT_BUNDLE_IDENTIFIER = com.rushproject.BitriseTests;
				PRODUCT_NAME = "$(TARGET_NAME)";
				SWIFT_VERSION = 4.0;
				TARGETED_DEVICE_FAMILY = "1,2";
				TEST_HOST = "$(BUILT_PRODUCTS_DIR)/Bitrise.app/Bitrise";
			};
			name = Release;
		};
		D693248F21513C8600BF63E8 /* Debug */ = {
			isa = XCBuildConfiguration;
			buildSettings = {
				ALWAYS_EMBED_SWIFT_STANDARD_LIBRARIES = YES;
				CODE_SIGN_STYLE = Automatic;
				DEVELOPMENT_TEAM = WB5DSD72X7;
				INFOPLIST_FILE = BitriseUITests/Info.plist;
				LD_RUNPATH_SEARCH_PATHS = (
					"$(inherited)",
					"@executable_path/Frameworks",
					"@loader_path/Frameworks",
				);
				PRODUCT_BUNDLE_IDENTIFIER = com.rushproject.BitriseUITests;
				PRODUCT_NAME = "$(TARGET_NAME)";
				SWIFT_VERSION = 4.0;
				TARGETED_DEVICE_FAMILY = "1,2";
				TEST_TARGET_NAME = Bitrise;
			};
			name = Debug;
		};
		D693249021513C8600BF63E8 /* Release */ = {
			isa = XCBuildConfiguration;
			buildSettings = {
				ALWAYS_EMBED_SWIFT_STANDARD_LIBRARIES = YES;
				CODE_SIGN_STYLE = Automatic;
				DEVELOPMENT_TEAM = WB5DSD72X7;
				INFOPLIST_FILE = BitriseUITests/Info.plist;
				LD_RUNPATH_SEARCH_PATHS = (
					"$(inherited)",
					"@executable_path/Frameworks",
					"@loader_path/Frameworks",
				);
				PRODUCT_BUNDLE_IDENTIFIER = com.rushproject.BitriseUITests;
				PRODUCT_NAME = "$(TARGET_NAME)";
				SWIFT_VERSION = 4.0;
				TARGETED_DEVICE_FAMILY = "1,2";
				TEST_TARGET_NAME = Bitrise;
			};
			name = Release;
		};
/* End XCBuildConfiguration section */

/* Begin XCConfigurationList section */
		D693245B21513C8400BF63E8 /* Build configuration list for PBXProject "Bitrise" */ = {
			isa = XCConfigurationList;
			buildConfigurations = (
				D693248621513C8600BF63E8 /* Debug */,
				D693248721513C8600BF63E8 /* Release */,
			);
			defaultConfigurationIsVisible = 0;
			defaultConfigurationName = Release;
		};
		D693248821513C8600BF63E8 /* Build configuration list for PBXNativeTarget "Bitrise" */ = {
			isa = XCConfigurationList;
			buildConfigurations = (
				D693248921513C8600BF63E8 /* Debug */,
				D693248A21513C8600BF63E8 /* Release */,
			);
			defaultConfigurationIsVisible = 0;
			defaultConfigurationName = Release;
		};
		D693248B21513C8600BF63E8 /* Build configuration list for PBXNativeTarget "BitriseTests" */ = {
			isa = XCConfigurationList;
			buildConfigurations = (
				D693248C21513C8600BF63E8 /* Debug */,
				D693248D21513C8600BF63E8 /* Release */,
			);
			defaultConfigurationIsVisible = 0;
			defaultConfigurationName = Release;
		};
		D693248E21513C8600BF63E8 /* Build configuration list for PBXNativeTarget "BitriseUITests" */ = {
			isa = XCConfigurationList;
			buildConfigurations = (
				D693248F21513C8600BF63E8 /* Debug */,
				D693249021513C8600BF63E8 /* Release */,
			);
			defaultConfigurationIsVisible = 0;
			defaultConfigurationName = Release;
		};
/* End XCConfigurationList section */
	};
	rootObject = D693245821513C8400BF63E8 /* Project object */;
}
